
Microsoft Visual Studio Solution File, Format Version 12.00
# Visual Studio Version 17
VisualStudioVersion = 17.5.33414.496
MinimumVisualStudioVersion = 10.0.40219.1
Project("{9A19103F-16F7-4668-BE54-9A1E7A4F7556}") = "ContactWebEFCore6", "ContactWebEFCore6\ContactWebEFCore6.csproj", "{B9DA16DE-244F-4DF0-8BAC-646B090DCA94}"
EndProject
Project("{FAE04EC0-301F-11D3-BF4B-00C04F79EFBC}") = "ContactWebModels", "ContactWebModels\ContactWebModels.csproj", "{669752E9-C10A-45CB-8740-B0C636E2E7BF}"
EndProject
Global
	GlobalSection(SolutionConfigurationPlatforms) = preSolution
		Debug|Any CPU = Debug|Any CPU
		Release|Any CPU = Release|Any CPU
	EndGlobalSection
	GlobalSection(ProjectConfigurationPlatforms) = postSolution
		{B9DA16DE-244F-4DF0-8BAC-646B090DCA94}.Debug|Any CPU.ActiveCfg = Debug|Any CPU
		{B9DA16DE-244F-4DF0-8BAC-646B090DCA94}.Debug|Any CPU.Build.0 = Debug|Any CPU
		{B9DA16DE-244F-4DF0-8BAC-646B090DCA94}.Release|Any CPU.ActiveCfg = Release|Any CPU
		{B9DA16DE-244F-4DF0-8BAC-646B090DCA94}.Release|Any CPU.Build.0 = Release|Any CPU
		{669752E9-C10A-45CB-8740-B0C636E2E7BF}.Debug|Any CPU.ActiveCfg = Debug|Any CPU
		{669752E9-C10A-45CB-8740-B0C636E2E7BF}.Debug|Any CPU.Build.0 = Debug|Any CPU
		{669752E9-C10A-45CB-8740-B0C636E2E7BF}.Release|Any CPU.ActiveCfg = Release|Any CPU
		{669752E9-C10A-45CB-8740-B0C636E2E7BF}.Release|Any CPU.Build.0 = Release|Any CPU
	EndGlobalSection
	GlobalSection(SolutionProperties) = preSolution
		HideSolutionNode = FALSE
	EndGlobalSection
	GlobalSection(ExtensibilityGlobals) = postSolution
		SolutionGuid = {9B787B6F-5436-43DD-8B4D-97F0BBE19051}
	EndGlobalSection
EndGlobal
